
Microsoft Visual Studio Solution File, Format Version 12.00
# Visual Studio Version 17
VisualStudioVersion = 17.0.31825.309
MinimumVisualStudioVersion = 10.0.40219.1
Project("{9A19103F-16F7-4668-BE54-9A1E7A4F7556}") = "Legerity.Uno", "src\Legerity.Uno\Legerity.Uno.csproj", "{0D60F4F4-ED1C-4573-A1DB-181D46C471D8}"
EndProject
Project("{2150E333-8FDC-42A3-9474-1A3956D46DE8}") = "Tools", "Tools", "{EADBA62A-5418-4DC5-9AE8-D7E48E0D6FCE}"
EndProject
Project("{9A19103F-16F7-4668-BE54-9A1E7A4F7556}") = "Legerity.Uno.PageObjectGenerator", "tools\Legerity.Uno.PageObjectGenerator\Legerity.Uno.PageObjectGenerator.csproj", "{0154BEE1-0556-488D-9A41-E9783B3C04B9}"
EndProject
Global
	GlobalSection(SolutionConfigurationPlatforms) = preSolution
		Ad-Hoc|Any CPU = Ad-Hoc|Any CPU
		Ad-Hoc|ARM = Ad-Hoc|ARM
		Ad-Hoc|ARM64 = Ad-Hoc|ARM64
		Ad-Hoc|iPhone = Ad-Hoc|iPhone
		Ad-Hoc|iPhoneSimulator = Ad-Hoc|iPhoneSimulator
		Ad-Hoc|x64 = Ad-Hoc|x64
		Ad-Hoc|x86 = Ad-Hoc|x86
		AppStore|Any CPU = AppStore|Any CPU
		AppStore|ARM = AppStore|ARM
		AppStore|ARM64 = AppStore|ARM64
		AppStore|iPhone = AppStore|iPhone
		AppStore|iPhoneSimulator = AppStore|iPhoneSimulator
		AppStore|x64 = AppStore|x64
		AppStore|x86 = AppStore|x86
		Debug|Any CPU = Debug|Any CPU
		Debug|ARM = Debug|ARM
		Debug|ARM64 = Debug|ARM64
		Debug|iPhone = Debug|iPhone
		Debug|iPhoneSimulator = Debug|iPhoneSimulator
		Debug|x64 = Debug|x64
		Debug|x86 = Debug|x86
		Release|Any CPU = Release|Any CPU
		Release|ARM = Release|ARM
		Release|ARM64 = Release|ARM64
		Release|iPhone = Release|iPhone
		Release|iPhoneSimulator = Release|iPhoneSimulator
		Release|x64 = Release|x64
		Release|x86 = Release|x86
		ReleasePackages|Any CPU = ReleasePackages|Any CPU
		ReleasePackages|ARM = ReleasePackages|ARM
		ReleasePackages|ARM64 = ReleasePackages|ARM64
		ReleasePackages|iPhone = ReleasePackages|iPhone
		ReleasePackages|iPhoneSimulator = ReleasePackages|iPhoneSimulator
		ReleasePackages|x64 = ReleasePackages|x64
		ReleasePackages|x86 = ReleasePackages|x86
	EndGlobalSection
	GlobalSection(ProjectConfigurationPlatforms) = postSolution
		{0D60F4F4-ED1C-4573-A1DB-181D46C471D8}.Ad-Hoc|Any CPU.ActiveCfg = Debug|Any CPU
		{0D60F4F4-ED1C-4573-A1DB-181D46C471D8}.Ad-Hoc|Any CPU.Build.0 = Debug|Any CPU
		{0D60F4F4-ED1C-4573-A1DB-181D46C471D8}.Ad-Hoc|ARM.ActiveCfg = Debug|Any CPU
		{0D60F4F4-ED1C-4573-A1DB-181D46C471D8}.Ad-Hoc|ARM.Build.0 = Debug|Any CPU
		{0D60F4F4-ED1C-4573-A1DB-181D46C471D8}.Ad-Hoc|ARM64.ActiveCfg = Debug|Any CPU
		{0D60F4F4-ED1C-4573-A1DB-181D46C471D8}.Ad-Hoc|ARM64.Build.0 = Debug|Any CPU
		{0D60F4F4-ED1C-4573-A1DB-181D46C471D8}.Ad-Hoc|iPhone.ActiveCfg = Debug|Any CPU
		{0D60F4F4-ED1C-4573-A1DB-181D46C471D8}.Ad-Hoc|iPhone.Build.0 = Debug|Any CPU
		{0D60F4F4-ED1C-4573-A1DB-181D46C471D8}.Ad-Hoc|iPhoneSimulator.ActiveCfg = Debug|Any CPU
		{0D60F4F4-ED1C-4573-A1DB-181D46C471D8}.Ad-Hoc|iPhoneSimulator.Build.0 = Debug|Any CPU
		{0D60F4F4-ED1C-4573-A1DB-181D46C471D8}.Ad-Hoc|x64.ActiveCfg = Debug|Any CPU
		{0D60F4F4-ED1C-4573-A1DB-181D46C471D8}.Ad-Hoc|x64.Build.0 = Debug|Any CPU
		{0D60F4F4-ED1C-4573-A1DB-181D46C471D8}.Ad-Hoc|x86.ActiveCfg = Debug|Any CPU
		{0D60F4F4-ED1C-4573-A1DB-181D46C471D8}.Ad-Hoc|x86.Build.0 = Debug|Any CPU
		{0D60F4F4-ED1C-4573-A1DB-181D46C471D8}.AppStore|Any CPU.ActiveCfg = Debug|Any CPU
		{0D60F4F4-ED1C-4573-A1DB-181D46C471D8}.AppStore|Any CPU.Build.0 = Debug|Any CPU
		{0D60F4F4-ED1C-4573-A1DB-181D46C471D8}.AppStore|ARM.ActiveCfg = Debug|Any CPU
		{0D60F4F4-ED1C-4573-A1DB-181D46C471D8}.AppStore|ARM.Build.0 = Debug|Any CPU
		{0D60F4F4-ED1C-4573-A1DB-181D46C471D8}.AppStore|ARM64.ActiveCfg = Debug|Any CPU
		{0D60F4F4-ED1C-4573-A1DB-181D46C471D8}.AppStore|ARM64.Build.0 = Debug|Any CPU
		{0D60F4F4-ED1C-4573-A1DB-181D46C471D8}.AppStore|iPhone.ActiveCfg = Debug|Any CPU
		{0D60F4F4-ED1C-4573-A1DB-181D46C471D8}.AppStore|iPhone.Build.0 = Debug|Any CPU
		{0D60F4F4-ED1C-4573-A1DB-181D46C471D8}.AppStore|iPhoneSimulator.ActiveCfg = Debug|Any CPU
		{0D60F4F4-ED1C-4573-A1DB-181D46C471D8}.AppStore|iPhoneSimulator.Build.0 = Debug|Any CPU
		{0D60F4F4-ED1C-4573-A1DB-181D46C471D8}.AppStore|x64.ActiveCfg = Debug|Any CPU
		{0D60F4F4-ED1C-4573-A1DB-181D46C471D8}.AppStore|x64.Build.0 = Debug|Any CPU
		{0D60F4F4-ED1C-4573-A1DB-181D46C471D8}.AppStore|x86.ActiveCfg = Debug|Any CPU
		{0D60F4F4-ED1C-4573-A1DB-181D46C471D8}.AppStore|x86.Build.0 = Debug|Any CPU
		{0D60F4F4-ED1C-4573-A1DB-181D46C471D8}.Debug|Any CPU.ActiveCfg = Debug|Any CPU
		{0D60F4F4-ED1C-4573-A1DB-181D46C471D8}.Debug|Any CPU.Build.0 = Debug|Any CPU
		{0D60F4F4-ED1C-4573-A1DB-181D46C471D8}.Debug|ARM.ActiveCfg = Debug|Any CPU
		{0D60F4F4-ED1C-4573-A1DB-181D46C471D8}.Debug|ARM.Build.0 = Debug|Any CPU
		{0D60F4F4-ED1C-4573-A1DB-181D46C471D8}.Debug|ARM64.ActiveCfg = Debug|Any CPU
		{0D60F4F4-ED1C-4573-A1DB-181D46C471D8}.Debug|ARM64.Build.0 = Debug|Any CPU
		{0D60F4F4-ED1C-4573-A1DB-181D46C471D8}.Debug|iPhone.ActiveCfg = Debug|Any CPU
		{0D60F4F4-ED1C-4573-A1DB-181D46C471D8}.Debug|iPhone.Build.0 = Debug|Any CPU
		{0D60F4F4-ED1C-4573-A1DB-181D46C471D8}.Debug|iPhoneSimulator.ActiveCfg = Debug|Any CPU
		{0D60F4F4-ED1C-4573-A1DB-181D46C471D8}.Debug|iPhoneSimulator.Build.0 = Debug|Any CPU
		{0D60F4F4-ED1C-4573-A1DB-181D46C471D8}.Debug|x64.ActiveCfg = Debug|Any CPU
		{0D60F4F4-ED1C-4573-A1DB-181D46C471D8}.Debug|x64.Build.0 = Debug|Any CPU
		{0D60F4F4-ED1C-4573-A1DB-181D46C471D8}.Debug|x86.ActiveCfg = Debug|Any CPU
		{0D60F4F4-ED1C-4573-A1DB-181D46C471D8}.Debug|x86.Build.0 = Debug|Any CPU
		{0D60F4F4-ED1C-4573-A1DB-181D46C471D8}.Release|Any CPU.ActiveCfg = Release|Any CPU
		{0D60F4F4-ED1C-4573-A1DB-181D46C471D8}.Release|Any CPU.Build.0 = Release|Any CPU
		{0D60F4F4-ED1C-4573-A1DB-181D46C471D8}.Release|ARM.ActiveCfg = Release|Any CPU
		{0D60F4F4-ED1C-4573-A1DB-181D46C471D8}.Release|ARM.Build.0 = Release|Any CPU
		{0D60F4F4-ED1C-4573-A1DB-181D46C471D8}.Release|ARM64.ActiveCfg = Release|Any CPU
		{0D60F4F4-ED1C-4573-A1DB-181D46C471D8}.Release|ARM64.Build.0 = Release|Any CPU
		{0D60F4F4-ED1C-4573-A1DB-181D46C471D8}.Release|iPhone.ActiveCfg = Release|Any CPU
		{0D60F4F4-ED1C-4573-A1DB-181D46C471D8}.Release|iPhone.Build.0 = Release|Any CPU
		{0D60F4F4-ED1C-4573-A1DB-181D46C471D8}.Release|iPhoneSimulator.ActiveCfg = Release|Any CPU
		{0D60F4F4-ED1C-4573-A1DB-181D46C471D8}.Release|iPhoneSimulator.Build.0 = Release|Any CPU
		{0D60F4F4-ED1C-4573-A1DB-181D46C471D8}.Release|x64.ActiveCfg = Release|Any CPU
		{0D60F4F4-ED1C-4573-A1DB-181D46C471D8}.Release|x64.Build.0 = Release|Any CPU
		{0D60F4F4-ED1C-4573-A1DB-181D46C471D8}.Release|x86.ActiveCfg = Release|Any CPU
		{0D60F4F4-ED1C-4573-A1DB-181D46C471D8}.Release|x86.Build.0 = Release|Any CPU
		{0D60F4F4-ED1C-4573-A1DB-181D46C471D8}.ReleasePackages|Any CPU.ActiveCfg = Release|Any CPU
		{0D60F4F4-ED1C-4573-A1DB-181D46C471D8}.ReleasePackages|Any CPU.Build.0 = Release|Any CPU
		{0D60F4F4-ED1C-4573-A1DB-181D46C471D8}.ReleasePackages|ARM.ActiveCfg = Release|Any CPU
		{0D60F4F4-ED1C-4573-A1DB-181D46C471D8}.ReleasePackages|ARM.Build.0 = Release|Any CPU
		{0D60F4F4-ED1C-4573-A1DB-181D46C471D8}.ReleasePackages|ARM64.ActiveCfg = Release|Any CPU
		{0D60F4F4-ED1C-4573-A1DB-181D46C471D8}.ReleasePackages|ARM64.Build.0 = Release|Any CPU
		{0D60F4F4-ED1C-4573-A1DB-181D46C471D8}.ReleasePackages|iPhone.ActiveCfg = Release|Any CPU
		{0D60F4F4-ED1C-4573-A1DB-181D46C471D8}.ReleasePackages|iPhone.Build.0 = Release|Any CPU
		{0D60F4F4-ED1C-4573-A1DB-181D46C471D8}.ReleasePackages|iPhoneSimulator.ActiveCfg = Release|Any CPU
		{0D60F4F4-ED1C-4573-A1DB-181D46C471D8}.ReleasePackages|iPhoneSimulator.Build.0 = Release|Any CPU
		{0D60F4F4-ED1C-4573-A1DB-181D46C471D8}.ReleasePackages|x64.ActiveCfg = Release|Any CPU
		{0D60F4F4-ED1C-4573-A1DB-181D46C471D8}.ReleasePackages|x64.Build.0 = Release|Any CPU
		{0D60F4F4-ED1C-4573-A1DB-181D46C471D8}.ReleasePackages|x86.ActiveCfg = Release|Any CPU
		{0D60F4F4-ED1C-4573-A1DB-181D46C471D8}.ReleasePackages|x86.Build.0 = Release|Any CPU
		{0154BEE1-0556-488D-9A41-E9783B3C04B9}.Ad-Hoc|Any CPU.ActiveCfg = Debug|Any CPU
		{0154BEE1-0556-488D-9A41-E9783B3C04B9}.Ad-Hoc|Any CPU.Build.0 = Debug|Any CPU
		{0154BEE1-0556-488D-9A41-E9783B3C04B9}.Ad-Hoc|ARM.ActiveCfg = Debug|Any CPU
		{0154BEE1-0556-488D-9A41-E9783B3C04B9}.Ad-Hoc|ARM.Build.0 = Debug|Any CPU
		{0154BEE1-0556-488D-9A41-E9783B3C04B9}.Ad-Hoc|ARM64.ActiveCfg = Debug|Any CPU
		{0154BEE1-0556-488D-9A41-E9783B3C04B9}.Ad-Hoc|ARM64.Build.0 = Debug|Any CPU
		{0154BEE1-0556-488D-9A41-E9783B3C04B9}.Ad-Hoc|iPhone.ActiveCfg = Debug|Any CPU
		{0154BEE1-0556-488D-9A41-E9783B3C04B9}.Ad-Hoc|iPhone.Build.0 = Debug|Any CPU
		{0154BEE1-0556-488D-9A41-E9783B3C04B9}.Ad-Hoc|iPhoneSimulator.ActiveCfg = Debug|Any CPU
		{0154BEE1-0556-488D-9A41-E9783B3C04B9}.Ad-Hoc|iPhoneSimulator.Build.0 = Debug|Any CPU
		{0154BEE1-0556-488D-9A41-E9783B3C04B9}.Ad-Hoc|x64.ActiveCfg = Debug|Any CPU
		{0154BEE1-0556-488D-9A41-E9783B3C04B9}.Ad-Hoc|x64.Build.0 = Debug|Any CPU
		{0154BEE1-0556-488D-9A41-E9783B3C04B9}.Ad-Hoc|x86.ActiveCfg = Debug|Any CPU
		{0154BEE1-0556-488D-9A41-E9783B3C04B9}.Ad-Hoc|x86.Build.0 = Debug|Any CPU
		{0154BEE1-0556-488D-9A41-E9783B3C04B9}.AppStore|Any CPU.ActiveCfg = Debug|Any CPU
		{0154BEE1-0556-488D-9A41-E9783B3C04B9}.AppStore|Any CPU.Build.0 = Debug|Any CPU
		{0154BEE1-0556-488D-9A41-E9783B3C04B9}.AppStore|ARM.ActiveCfg = Debug|Any CPU
		{0154BEE1-0556-488D-9A41-E9783B3C04B9}.AppStore|ARM.Build.0 = Debug|Any CPU
		{0154BEE1-0556-488D-9A41-E9783B3C04B9}.AppStore|ARM64.ActiveCfg = Debug|Any CPU
		{0154BEE1-0556-488D-9A41-E9783B3C04B9}.AppStore|ARM64.Build.0 = Debug|Any CPU
		{0154BEE1-0556-488D-9A41-E9783B3C04B9}.AppStore|iPhone.ActiveCfg = Debug|Any CPU
		{0154BEE1-0556-488D-9A41-E9783B3C04B9}.AppStore|iPhone.Build.0 = Debug|Any CPU
		{0154BEE1-0556-488D-9A41-E9783B3C04B9}.AppStore|iPhoneSimulator.ActiveCfg = Debug|Any CPU
		{0154BEE1-0556-488D-9A41-E9783B3C04B9}.AppStore|iPhoneSimulator.Build.0 = Debug|Any CPU
		{0154BEE1-0556-488D-9A41-E9783B3C04B9}.AppStore|x64.ActiveCfg = Debug|Any CPU
		{0154BEE1-0556-488D-9A41-E9783B3C04B9}.AppStore|x64.Build.0 = Debug|Any CPU
		{0154BEE1-0556-488D-9A41-E9783B3C04B9}.AppStore|x86.ActiveCfg = Debug|Any CPU
		{0154BEE1-0556-488D-9A41-E9783B3C04B9}.AppStore|x86.Build.0 = Debug|Any CPU
		{0154BEE1-0556-488D-9A41-E9783B3C04B9}.Debug|Any CPU.ActiveCfg = Debug|Any CPU
		{0154BEE1-0556-488D-9A41-E9783B3C04B9}.Debug|Any CPU.Build.0 = Debug|Any CPU
		{0154BEE1-0556-488D-9A41-E9783B3C04B9}.Debug|ARM.ActiveCfg = Debug|Any CPU
		{0154BEE1-0556-488D-9A41-E9783B3C04B9}.Debug|ARM.Build.0 = Debug|Any CPU
		{0154BEE1-0556-488D-9A41-E9783B3C04B9}.Debug|ARM64.ActiveCfg = Debug|Any CPU
		{0154BEE1-0556-488D-9A41-E9783B3C04B9}.Debug|ARM64.Build.0 = Debug|Any CPU
		{0154BEE1-0556-488D-9A41-E9783B3C04B9}.Debug|iPhone.ActiveCfg = Debug|Any CPU
		{0154BEE1-0556-488D-9A41-E9783B3C04B9}.Debug|iPhone.Build.0 = Debug|Any CPU
		{0154BEE1-0556-488D-9A41-E9783B3C04B9}.Debug|iPhoneSimulator.ActiveCfg = Debug|Any CPU
		{0154BEE1-0556-488D-9A41-E9783B3C04B9}.Debug|iPhoneSimulator.Build.0 = Debug|Any CPU
		{0154BEE1-0556-488D-9A41-E9783B3C04B9}.Debug|x64.ActiveCfg = Debug|Any CPU
		{0154BEE1-0556-488D-9A41-E9783B3C04B9}.Debug|x64.Build.0 = Debug|Any CPU
		{0154BEE1-0556-488D-9A41-E9783B3C04B9}.Debug|x86.ActiveCfg = Debug|Any CPU
		{0154BEE1-0556-488D-9A41-E9783B3C04B9}.Debug|x86.Build.0 = Debug|Any CPU
		{0154BEE1-0556-488D-9A41-E9783B3C04B9}.Release|Any CPU.ActiveCfg = Release|Any CPU
		{0154BEE1-0556-488D-9A41-E9783B3C04B9}.Release|Any CPU.Build.0 = Release|Any CPU
		{0154BEE1-0556-488D-9A41-E9783B3C04B9}.Release|ARM.ActiveCfg = Release|Any CPU
		{0154BEE1-0556-488D-9A41-E9783B3C04B9}.Release|ARM.Build.0 = Release|Any CPU
		{0154BEE1-0556-488D-9A41-E9783B3C04B9}.Release|ARM64.ActiveCfg = Release|Any CPU
		{0154BEE1-0556-488D-9A41-E9783B3C04B9}.Release|ARM64.Build.0 = Release|Any CPU
		{0154BEE1-0556-488D-9A41-E9783B3C04B9}.Release|iPhone.ActiveCfg = Release|Any CPU
		{0154BEE1-0556-488D-9A41-E9783B3C04B9}.Release|iPhone.Build.0 = Release|Any CPU
		{0154BEE1-0556-488D-9A41-E9783B3C04B9}.Release|iPhoneSimulator.ActiveCfg = Release|Any CPU
		{0154BEE1-0556-488D-9A41-E9783B3C04B9}.Release|iPhoneSimulator.Build.0 = Release|Any CPU
		{0154BEE1-0556-488D-9A41-E9783B3C04B9}.Release|x64.ActiveCfg = Release|Any CPU
		{0154BEE1-0556-488D-9A41-E9783B3C04B9}.Release|x64.Build.0 = Release|Any CPU
		{0154BEE1-0556-488D-9A41-E9783B3C04B9}.Release|x86.ActiveCfg = Release|Any CPU
		{0154BEE1-0556-488D-9A41-E9783B3C04B9}.Release|x86.Build.0 = Release|Any CPU
		{0154BEE1-0556-488D-9A41-E9783B3C04B9}.ReleasePackages|Any CPU.ActiveCfg = Release|Any CPU
		{0154BEE1-0556-488D-9A41-E9783B3C04B9}.ReleasePackages|Any CPU.Build.0 = Release|Any CPU
		{0154BEE1-0556-488D-9A41-E9783B3C04B9}.ReleasePackages|ARM.ActiveCfg = Release|Any CPU
		{0154BEE1-0556-488D-9A41-E9783B3C04B9}.ReleasePackages|ARM.Build.0 = Release|Any CPU
		{0154BEE1-0556-488D-9A41-E9783B3C04B9}.ReleasePackages|ARM64.ActiveCfg = Release|Any CPU
		{0154BEE1-0556-488D-9A41-E9783B3C04B9}.ReleasePackages|ARM64.Build.0 = Release|Any CPU
		{0154BEE1-0556-488D-9A41-E9783B3C04B9}.ReleasePackages|iPhone.ActiveCfg = Release|Any CPU
		{0154BEE1-0556-488D-9A41-E9783B3C04B9}.ReleasePackages|iPhone.Build.0 = Release|Any CPU
		{0154BEE1-0556-488D-9A41-E9783B3C04B9}.ReleasePackages|iPhoneSimulator.ActiveCfg = Release|Any CPU
		{0154BEE1-0556-488D-9A41-E9783B3C04B9}.ReleasePackages|iPhoneSimulator.Build.0 = Release|Any CPU
		{0154BEE1-0556-488D-9A41-E9783B3C04B9}.ReleasePackages|x64.ActiveCfg = Release|Any CPU
		{0154BEE1-0556-488D-9A41-E9783B3C04B9}.ReleasePackages|x64.Build.0 = Release|Any CPU
		{0154BEE1-0556-488D-9A41-E9783B3C04B9}.ReleasePackages|x86.ActiveCfg = Release|Any CPU
		{0154BEE1-0556-488D-9A41-E9783B3C04B9}.ReleasePackages|x86.Build.0 = Release|Any CPU
	EndGlobalSection
	GlobalSection(SolutionProperties) = preSolution
		HideSolutionNode = FALSE
	EndGlobalSection
	GlobalSection(NestedProjects) = preSolution
		{0154BEE1-0556-488D-9A41-E9783B3C04B9} = {EADBA62A-5418-4DC5-9AE8-D7E48E0D6FCE}
	EndGlobalSection
	GlobalSection(ExtensibilityGlobals) = postSolution
		SolutionGuid = {FAB58D66-B3F1-408A-A96F-572170771367}
	EndGlobalSection
EndGlobal
