
Microsoft Visual Studio Solution File, Format Version 12.00
# Visual Studio Version 16
VisualStudioVersion = 16.0.30011.22
MinimumVisualStudioVersion = 10.0.40219.1
Project("{2150E333-8FDC-42A3-9474-1A3956D46DE8}") = "Samples", "Samples", "{71D6D4B1-DD5C-4238-8E85-5BC755F40931}"
EndProject
Project("{9A19103F-16F7-4668-BE54-9A1E7A4F7556}") = "Legerity.Uno", "Legerity.Uno\Legerity.Uno.csproj", "{0D60F4F4-ED1C-4573-A1DB-181D46C471D8}"
EndProject
Project("{FAE04EC0-301F-11D3-BF4B-00C04F79EFBC}") = "UnoSampleAppTests", "..\samples\UnoSampleAppTests\UnoSampleAppTests.csproj", "{FFBF6A09-25F2-4A6F-9DF2-E977161773EF}"
EndProject
Global
	GlobalSection(SolutionConfigurationPlatforms) = preSolution
		Ad-Hoc|Any CPU = Ad-Hoc|Any CPU
		Ad-Hoc|ARM = Ad-Hoc|ARM
		Ad-Hoc|ARM64 = Ad-Hoc|ARM64
		Ad-Hoc|iPhone = Ad-Hoc|iPhone
		Ad-Hoc|iPhoneSimulator = Ad-Hoc|iPhoneSimulator
		Ad-Hoc|x64 = Ad-Hoc|x64
		Ad-Hoc|x86 = Ad-Hoc|x86
		AppStore|Any CPU = AppStore|Any CPU
		AppStore|ARM = AppStore|ARM
		AppStore|ARM64 = AppStore|ARM64
		AppStore|iPhone = AppStore|iPhone
		AppStore|iPhoneSimulator = AppStore|iPhoneSimulator
		AppStore|x64 = AppStore|x64
		AppStore|x86 = AppStore|x86
		Debug|Any CPU = Debug|Any CPU
		Debug|ARM = Debug|ARM
		Debug|ARM64 = Debug|ARM64
		Debug|iPhone = Debug|iPhone
		Debug|iPhoneSimulator = Debug|iPhoneSimulator
		Debug|x64 = Debug|x64
		Debug|x86 = Debug|x86
		Release|Any CPU = Release|Any CPU
		Release|ARM = Release|ARM
		Release|ARM64 = Release|ARM64
		Release|iPhone = Release|iPhone
		Release|iPhoneSimulator = Release|iPhoneSimulator
		Release|x64 = Release|x64
		Release|x86 = Release|x86
	EndGlobalSection
	GlobalSection(ProjectConfigurationPlatforms) = postSolution
		{0D60F4F4-ED1C-4573-A1DB-181D46C471D8}.Ad-Hoc|Any CPU.ActiveCfg = Debug|Any CPU
		{0D60F4F4-ED1C-4573-A1DB-181D46C471D8}.Ad-Hoc|Any CPU.Build.0 = Debug|Any CPU
		{0D60F4F4-ED1C-4573-A1DB-181D46C471D8}.Ad-Hoc|ARM.ActiveCfg = Debug|Any CPU
		{0D60F4F4-ED1C-4573-A1DB-181D46C471D8}.Ad-Hoc|ARM.Build.0 = Debug|Any CPU
		{0D60F4F4-ED1C-4573-A1DB-181D46C471D8}.Ad-Hoc|ARM64.ActiveCfg = Debug|Any CPU
		{0D60F4F4-ED1C-4573-A1DB-181D46C471D8}.Ad-Hoc|ARM64.Build.0 = Debug|Any CPU
		{0D60F4F4-ED1C-4573-A1DB-181D46C471D8}.Ad-Hoc|iPhone.ActiveCfg = Debug|Any CPU
		{0D60F4F4-ED1C-4573-A1DB-181D46C471D8}.Ad-Hoc|iPhone.Build.0 = Debug|Any CPU
		{0D60F4F4-ED1C-4573-A1DB-181D46C471D8}.Ad-Hoc|iPhoneSimulator.ActiveCfg = Debug|Any CPU
		{0D60F4F4-ED1C-4573-A1DB-181D46C471D8}.Ad-Hoc|iPhoneSimulator.Build.0 = Debug|Any CPU
		{0D60F4F4-ED1C-4573-A1DB-181D46C471D8}.Ad-Hoc|x64.ActiveCfg = Debug|Any CPU
		{0D60F4F4-ED1C-4573-A1DB-181D46C471D8}.Ad-Hoc|x64.Build.0 = Debug|Any CPU
		{0D60F4F4-ED1C-4573-A1DB-181D46C471D8}.Ad-Hoc|x86.ActiveCfg = Debug|Any CPU
		{0D60F4F4-ED1C-4573-A1DB-181D46C471D8}.Ad-Hoc|x86.Build.0 = Debug|Any CPU
		{0D60F4F4-ED1C-4573-A1DB-181D46C471D8}.AppStore|Any CPU.ActiveCfg = Debug|Any CPU
		{0D60F4F4-ED1C-4573-A1DB-181D46C471D8}.AppStore|Any CPU.Build.0 = Debug|Any CPU
		{0D60F4F4-ED1C-4573-A1DB-181D46C471D8}.AppStore|ARM.ActiveCfg = Debug|Any CPU
		{0D60F4F4-ED1C-4573-A1DB-181D46C471D8}.AppStore|ARM.Build.0 = Debug|Any CPU
		{0D60F4F4-ED1C-4573-A1DB-181D46C471D8}.AppStore|ARM64.ActiveCfg = Debug|Any CPU
		{0D60F4F4-ED1C-4573-A1DB-181D46C471D8}.AppStore|ARM64.Build.0 = Debug|Any CPU
		{0D60F4F4-ED1C-4573-A1DB-181D46C471D8}.AppStore|iPhone.ActiveCfg = Debug|Any CPU
		{0D60F4F4-ED1C-4573-A1DB-181D46C471D8}.AppStore|iPhone.Build.0 = Debug|Any CPU
		{0D60F4F4-ED1C-4573-A1DB-181D46C471D8}.AppStore|iPhoneSimulator.ActiveCfg = Debug|Any CPU
		{0D60F4F4-ED1C-4573-A1DB-181D46C471D8}.AppStore|iPhoneSimulator.Build.0 = Debug|Any CPU
		{0D60F4F4-ED1C-4573-A1DB-181D46C471D8}.AppStore|x64.ActiveCfg = Debug|Any CPU
		{0D60F4F4-ED1C-4573-A1DB-181D46C471D8}.AppStore|x64.Build.0 = Debug|Any CPU
		{0D60F4F4-ED1C-4573-A1DB-181D46C471D8}.AppStore|x86.ActiveCfg = Debug|Any CPU
		{0D60F4F4-ED1C-4573-A1DB-181D46C471D8}.AppStore|x86.Build.0 = Debug|Any CPU
		{0D60F4F4-ED1C-4573-A1DB-181D46C471D8}.Debug|Any CPU.ActiveCfg = Debug|Any CPU
		{0D60F4F4-ED1C-4573-A1DB-181D46C471D8}.Debug|Any CPU.Build.0 = Debug|Any CPU
		{0D60F4F4-ED1C-4573-A1DB-181D46C471D8}.Debug|ARM.ActiveCfg = Debug|Any CPU
		{0D60F4F4-ED1C-4573-A1DB-181D46C471D8}.Debug|ARM.Build.0 = Debug|Any CPU
		{0D60F4F4-ED1C-4573-A1DB-181D46C471D8}.Debug|ARM64.ActiveCfg = Debug|Any CPU
		{0D60F4F4-ED1C-4573-A1DB-181D46C471D8}.Debug|ARM64.Build.0 = Debug|Any CPU
		{0D60F4F4-ED1C-4573-A1DB-181D46C471D8}.Debug|iPhone.ActiveCfg = Debug|Any CPU
		{0D60F4F4-ED1C-4573-A1DB-181D46C471D8}.Debug|iPhone.Build.0 = Debug|Any CPU
		{0D60F4F4-ED1C-4573-A1DB-181D46C471D8}.Debug|iPhoneSimulator.ActiveCfg = Debug|Any CPU
		{0D60F4F4-ED1C-4573-A1DB-181D46C471D8}.Debug|iPhoneSimulator.Build.0 = Debug|Any CPU
		{0D60F4F4-ED1C-4573-A1DB-181D46C471D8}.Debug|x64.ActiveCfg = Debug|Any CPU
		{0D60F4F4-ED1C-4573-A1DB-181D46C471D8}.Debug|x64.Build.0 = Debug|Any CPU
		{0D60F4F4-ED1C-4573-A1DB-181D46C471D8}.Debug|x86.ActiveCfg = Debug|Any CPU
		{0D60F4F4-ED1C-4573-A1DB-181D46C471D8}.Debug|x86.Build.0 = Debug|Any CPU
		{0D60F4F4-ED1C-4573-A1DB-181D46C471D8}.Release|Any CPU.ActiveCfg = Release|Any CPU
		{0D60F4F4-ED1C-4573-A1DB-181D46C471D8}.Release|Any CPU.Build.0 = Release|Any CPU
		{0D60F4F4-ED1C-4573-A1DB-181D46C471D8}.Release|ARM.ActiveCfg = Release|Any CPU
		{0D60F4F4-ED1C-4573-A1DB-181D46C471D8}.Release|ARM.Build.0 = Release|Any CPU
		{0D60F4F4-ED1C-4573-A1DB-181D46C471D8}.Release|ARM64.ActiveCfg = Release|Any CPU
		{0D60F4F4-ED1C-4573-A1DB-181D46C471D8}.Release|ARM64.Build.0 = Release|Any CPU
		{0D60F4F4-ED1C-4573-A1DB-181D46C471D8}.Release|iPhone.ActiveCfg = Release|Any CPU
		{0D60F4F4-ED1C-4573-A1DB-181D46C471D8}.Release|iPhone.Build.0 = Release|Any CPU
		{0D60F4F4-ED1C-4573-A1DB-181D46C471D8}.Release|iPhoneSimulator.ActiveCfg = Release|Any CPU
		{0D60F4F4-ED1C-4573-A1DB-181D46C471D8}.Release|iPhoneSimulator.Build.0 = Release|Any CPU
		{0D60F4F4-ED1C-4573-A1DB-181D46C471D8}.Release|x64.ActiveCfg = Release|Any CPU
		{0D60F4F4-ED1C-4573-A1DB-181D46C471D8}.Release|x64.Build.0 = Release|Any CPU
		{0D60F4F4-ED1C-4573-A1DB-181D46C471D8}.Release|x86.ActiveCfg = Release|Any CPU
		{0D60F4F4-ED1C-4573-A1DB-181D46C471D8}.Release|x86.Build.0 = Release|Any CPU
		{FFBF6A09-25F2-4A6F-9DF2-E977161773EF}.Ad-Hoc|Any CPU.ActiveCfg = Debug|Any CPU
		{FFBF6A09-25F2-4A6F-9DF2-E977161773EF}.Ad-Hoc|Any CPU.Build.0 = Debug|Any CPU
		{FFBF6A09-25F2-4A6F-9DF2-E977161773EF}.Ad-Hoc|ARM.ActiveCfg = Debug|Any CPU
		{FFBF6A09-25F2-4A6F-9DF2-E977161773EF}.Ad-Hoc|ARM.Build.0 = Debug|Any CPU
		{FFBF6A09-25F2-4A6F-9DF2-E977161773EF}.Ad-Hoc|ARM64.ActiveCfg = Debug|Any CPU
		{FFBF6A09-25F2-4A6F-9DF2-E977161773EF}.Ad-Hoc|ARM64.Build.0 = Debug|Any CPU
		{FFBF6A09-25F2-4A6F-9DF2-E977161773EF}.Ad-Hoc|iPhone.ActiveCfg = Debug|Any CPU
		{FFBF6A09-25F2-4A6F-9DF2-E977161773EF}.Ad-Hoc|iPhone.Build.0 = Debug|Any CPU
		{FFBF6A09-25F2-4A6F-9DF2-E977161773EF}.Ad-Hoc|iPhoneSimulator.ActiveCfg = Debug|Any CPU
		{FFBF6A09-25F2-4A6F-9DF2-E977161773EF}.Ad-Hoc|iPhoneSimulator.Build.0 = Debug|Any CPU
		{FFBF6A09-25F2-4A6F-9DF2-E977161773EF}.Ad-Hoc|x64.ActiveCfg = Debug|Any CPU
		{FFBF6A09-25F2-4A6F-9DF2-E977161773EF}.Ad-Hoc|x64.Build.0 = Debug|Any CPU
		{FFBF6A09-25F2-4A6F-9DF2-E977161773EF}.Ad-Hoc|x86.ActiveCfg = Debug|Any CPU
		{FFBF6A09-25F2-4A6F-9DF2-E977161773EF}.Ad-Hoc|x86.Build.0 = Debug|Any CPU
		{FFBF6A09-25F2-4A6F-9DF2-E977161773EF}.AppStore|Any CPU.ActiveCfg = Debug|Any CPU
		{FFBF6A09-25F2-4A6F-9DF2-E977161773EF}.AppStore|Any CPU.Build.0 = Debug|Any CPU
		{FFBF6A09-25F2-4A6F-9DF2-E977161773EF}.AppStore|ARM.ActiveCfg = Debug|Any CPU
		{FFBF6A09-25F2-4A6F-9DF2-E977161773EF}.AppStore|ARM.Build.0 = Debug|Any CPU
		{FFBF6A09-25F2-4A6F-9DF2-E977161773EF}.AppStore|ARM64.ActiveCfg = Debug|Any CPU
		{FFBF6A09-25F2-4A6F-9DF2-E977161773EF}.AppStore|ARM64.Build.0 = Debug|Any CPU
		{FFBF6A09-25F2-4A6F-9DF2-E977161773EF}.AppStore|iPhone.ActiveCfg = Debug|Any CPU
		{FFBF6A09-25F2-4A6F-9DF2-E977161773EF}.AppStore|iPhone.Build.0 = Debug|Any CPU
		{FFBF6A09-25F2-4A6F-9DF2-E977161773EF}.AppStore|iPhoneSimulator.ActiveCfg = Debug|Any CPU
		{FFBF6A09-25F2-4A6F-9DF2-E977161773EF}.AppStore|iPhoneSimulator.Build.0 = Debug|Any CPU
		{FFBF6A09-25F2-4A6F-9DF2-E977161773EF}.AppStore|x64.ActiveCfg = Debug|Any CPU
		{FFBF6A09-25F2-4A6F-9DF2-E977161773EF}.AppStore|x64.Build.0 = Debug|Any CPU
		{FFBF6A09-25F2-4A6F-9DF2-E977161773EF}.AppStore|x86.ActiveCfg = Debug|Any CPU
		{FFBF6A09-25F2-4A6F-9DF2-E977161773EF}.AppStore|x86.Build.0 = Debug|Any CPU
		{FFBF6A09-25F2-4A6F-9DF2-E977161773EF}.Debug|Any CPU.ActiveCfg = Debug|Any CPU
		{FFBF6A09-25F2-4A6F-9DF2-E977161773EF}.Debug|Any CPU.Build.0 = Debug|Any CPU
		{FFBF6A09-25F2-4A6F-9DF2-E977161773EF}.Debug|ARM.ActiveCfg = Debug|Any CPU
		{FFBF6A09-25F2-4A6F-9DF2-E977161773EF}.Debug|ARM.Build.0 = Debug|Any CPU
		{FFBF6A09-25F2-4A6F-9DF2-E977161773EF}.Debug|ARM64.ActiveCfg = Debug|Any CPU
		{FFBF6A09-25F2-4A6F-9DF2-E977161773EF}.Debug|ARM64.Build.0 = Debug|Any CPU
		{FFBF6A09-25F2-4A6F-9DF2-E977161773EF}.Debug|iPhone.ActiveCfg = Debug|Any CPU
		{FFBF6A09-25F2-4A6F-9DF2-E977161773EF}.Debug|iPhone.Build.0 = Debug|Any CPU
		{FFBF6A09-25F2-4A6F-9DF2-E977161773EF}.Debug|iPhoneSimulator.ActiveCfg = Debug|Any CPU
		{FFBF6A09-25F2-4A6F-9DF2-E977161773EF}.Debug|iPhoneSimulator.Build.0 = Debug|Any CPU
		{FFBF6A09-25F2-4A6F-9DF2-E977161773EF}.Debug|x64.ActiveCfg = Debug|Any CPU
		{FFBF6A09-25F2-4A6F-9DF2-E977161773EF}.Debug|x64.Build.0 = Debug|Any CPU
		{FFBF6A09-25F2-4A6F-9DF2-E977161773EF}.Debug|x86.ActiveCfg = Debug|Any CPU
		{FFBF6A09-25F2-4A6F-9DF2-E977161773EF}.Debug|x86.Build.0 = Debug|Any CPU
		{FFBF6A09-25F2-4A6F-9DF2-E977161773EF}.Release|Any CPU.ActiveCfg = Release|Any CPU
		{FFBF6A09-25F2-4A6F-9DF2-E977161773EF}.Release|Any CPU.Build.0 = Release|Any CPU
		{FFBF6A09-25F2-4A6F-9DF2-E977161773EF}.Release|ARM.ActiveCfg = Release|Any CPU
		{FFBF6A09-25F2-4A6F-9DF2-E977161773EF}.Release|ARM.Build.0 = Release|Any CPU
		{FFBF6A09-25F2-4A6F-9DF2-E977161773EF}.Release|ARM64.ActiveCfg = Release|Any CPU
		{FFBF6A09-25F2-4A6F-9DF2-E977161773EF}.Release|ARM64.Build.0 = Release|Any CPU
		{FFBF6A09-25F2-4A6F-9DF2-E977161773EF}.Release|iPhone.ActiveCfg = Release|Any CPU
		{FFBF6A09-25F2-4A6F-9DF2-E977161773EF}.Release|iPhone.Build.0 = Release|Any CPU
		{FFBF6A09-25F2-4A6F-9DF2-E977161773EF}.Release|iPhoneSimulator.ActiveCfg = Release|Any CPU
		{FFBF6A09-25F2-4A6F-9DF2-E977161773EF}.Release|iPhoneSimulator.Build.0 = Release|Any CPU
		{FFBF6A09-25F2-4A6F-9DF2-E977161773EF}.Release|x64.ActiveCfg = Release|Any CPU
		{FFBF6A09-25F2-4A6F-9DF2-E977161773EF}.Release|x64.Build.0 = Release|Any CPU
		{FFBF6A09-25F2-4A6F-9DF2-E977161773EF}.Release|x86.ActiveCfg = Release|Any CPU
		{FFBF6A09-25F2-4A6F-9DF2-E977161773EF}.Release|x86.Build.0 = Release|Any CPU
	EndGlobalSection
	GlobalSection(SolutionProperties) = preSolution
		HideSolutionNode = FALSE
	EndGlobalSection
	GlobalSection(NestedProjects) = preSolution
		{FFBF6A09-25F2-4A6F-9DF2-E977161773EF} = {71D6D4B1-DD5C-4238-8E85-5BC755F40931}
	EndGlobalSection
	GlobalSection(ExtensibilityGlobals) = postSolution
		SolutionGuid = {FAB58D66-B3F1-408A-A96F-572170771367}
	EndGlobalSection
EndGlobal
