
Microsoft Visual Studio Solution File, Format Version 12.00
# Visual Studio Version 17
VisualStudioVersion = 17.0.31825.309
MinimumVisualStudioVersion = 10.0.40219.1
Project("{2150E333-8FDC-42A3-9474-1A3956D46DE8}") = "Samples", "Samples", "{71D6D4B1-DD5C-4238-8E85-5BC755F40931}"
EndProject
Project("{9A19103F-16F7-4668-BE54-9A1E7A4F7556}") = "Legerity.Uno", "Legerity.Uno\Legerity.Uno.csproj", "{0D60F4F4-ED1C-4573-A1DB-181D46C471D8}"
EndProject
Project("{2150E333-8FDC-42A3-9474-1A3956D46DE8}") = "UnoSampleApp", "UnoSampleApp", "{D4D76EF1-6059-4F65-A18E-D98796FAB3DB}"
EndProject
Project("{D954291E-2A0B-460D-934E-DC6B0785DB48}") = "UnoSampleApp.Shared", "..\samples\UnoSampleApp\UnoSampleApp\UnoSampleApp.Shared\UnoSampleApp.Shared.shproj", "{6279C845-92F8-4333-AB99-3D213163593C}"
EndProject
Project("{2150E333-8FDC-42A3-9474-1A3956D46DE8}") = "Platforms", "Platforms", "{244C1BAB-5DB4-4C17-AFF9-A4CCF2FA35B3}"
EndProject
Project("{FAE04EC0-301F-11D3-BF4B-00C04F79EFBC}") = "UnoSampleApp.Droid", "..\samples\UnoSampleApp\UnoSampleApp\UnoSampleApp.Droid\UnoSampleApp.Droid.csproj", "{ADADEF96-4A95-447B-B86D-3EEBD6C8CE55}"
EndProject
Project("{FAE04EC0-301F-11D3-BF4B-00C04F79EFBC}") = "UnoSampleApp.iOS", "..\samples\UnoSampleApp\UnoSampleApp\UnoSampleApp.iOS\UnoSampleApp.iOS.csproj", "{3D9D1ECD-9592-407B-912F-491DEE63B801}"
EndProject
Project("{FAE04EC0-301F-11D3-BF4B-00C04F79EFBC}") = "UnoSampleApp.UWP", "..\samples\UnoSampleApp\UnoSampleApp\UnoSampleApp.UWP\UnoSampleApp.UWP.csproj", "{AA4B2612-9C5F-4D99-826B-A1E36EEA1018}"
EndProject
Project("{9A19103F-16F7-4668-BE54-9A1E7A4F7556}") = "UnoSampleApp.Wasm", "..\samples\UnoSampleApp\UnoSampleApp\UnoSampleApp.Wasm\UnoSampleApp.Wasm.csproj", "{B8C3F2DA-523D-4AE5-AB70-2B530323A81B}"
EndProject
Project("{9A19103F-16F7-4668-BE54-9A1E7A4F7556}") = "UnoSampleAppTests", "..\samples\UnoSampleAppTests\UnoSampleAppTests.csproj", "{FFBF6A09-25F2-4A6F-9DF2-E977161773EF}"
EndProject
Global
	GlobalSection(SharedMSBuildProjectFiles) = preSolution
		..\samples\UnoSampleApp\UnoSampleApp\UnoSampleApp.Shared\UnoSampleApp.Shared.projitems*{3d9d1ecd-9592-407b-912f-491dee63b801}*SharedItemsImports = 4
		..\samples\UnoSampleApp\UnoSampleApp\UnoSampleApp.Shared\UnoSampleApp.Shared.projitems*{6279c845-92f8-4333-ab99-3d213163593c}*SharedItemsImports = 13
		..\samples\UnoSampleApp\UnoSampleApp\UnoSampleApp.Shared\UnoSampleApp.Shared.projitems*{aa4b2612-9c5f-4d99-826b-a1e36eea1018}*SharedItemsImports = 4
		..\samples\UnoSampleApp\UnoSampleApp\UnoSampleApp.Shared\UnoSampleApp.Shared.projitems*{adadef96-4a95-447b-b86d-3eebd6c8ce55}*SharedItemsImports = 4
		..\samples\UnoSampleApp\UnoSampleApp\UnoSampleApp.Shared\UnoSampleApp.Shared.projitems*{b8c3f2da-523d-4ae5-ab70-2b530323a81b}*SharedItemsImports = 5
	EndGlobalSection
	GlobalSection(SolutionConfigurationPlatforms) = preSolution
		Ad-Hoc|Any CPU = Ad-Hoc|Any CPU
		Ad-Hoc|ARM = Ad-Hoc|ARM
		Ad-Hoc|ARM64 = Ad-Hoc|ARM64
		Ad-Hoc|iPhone = Ad-Hoc|iPhone
		Ad-Hoc|iPhoneSimulator = Ad-Hoc|iPhoneSimulator
		Ad-Hoc|x64 = Ad-Hoc|x64
		Ad-Hoc|x86 = Ad-Hoc|x86
		AppStore|Any CPU = AppStore|Any CPU
		AppStore|ARM = AppStore|ARM
		AppStore|ARM64 = AppStore|ARM64
		AppStore|iPhone = AppStore|iPhone
		AppStore|iPhoneSimulator = AppStore|iPhoneSimulator
		AppStore|x64 = AppStore|x64
		AppStore|x86 = AppStore|x86
		Debug|Any CPU = Debug|Any CPU
		Debug|ARM = Debug|ARM
		Debug|ARM64 = Debug|ARM64
		Debug|iPhone = Debug|iPhone
		Debug|iPhoneSimulator = Debug|iPhoneSimulator
		Debug|x64 = Debug|x64
		Debug|x86 = Debug|x86
		Release|Any CPU = Release|Any CPU
		Release|ARM = Release|ARM
		Release|ARM64 = Release|ARM64
		Release|iPhone = Release|iPhone
		Release|iPhoneSimulator = Release|iPhoneSimulator
		Release|x64 = Release|x64
		Release|x86 = Release|x86
	EndGlobalSection
	GlobalSection(ProjectConfigurationPlatforms) = postSolution
		{0D60F4F4-ED1C-4573-A1DB-181D46C471D8}.Ad-Hoc|Any CPU.ActiveCfg = Debug|Any CPU
		{0D60F4F4-ED1C-4573-A1DB-181D46C471D8}.Ad-Hoc|Any CPU.Build.0 = Debug|Any CPU
		{0D60F4F4-ED1C-4573-A1DB-181D46C471D8}.Ad-Hoc|ARM.ActiveCfg = Debug|Any CPU
		{0D60F4F4-ED1C-4573-A1DB-181D46C471D8}.Ad-Hoc|ARM.Build.0 = Debug|Any CPU
		{0D60F4F4-ED1C-4573-A1DB-181D46C471D8}.Ad-Hoc|ARM64.ActiveCfg = Debug|Any CPU
		{0D60F4F4-ED1C-4573-A1DB-181D46C471D8}.Ad-Hoc|ARM64.Build.0 = Debug|Any CPU
		{0D60F4F4-ED1C-4573-A1DB-181D46C471D8}.Ad-Hoc|iPhone.ActiveCfg = Debug|Any CPU
		{0D60F4F4-ED1C-4573-A1DB-181D46C471D8}.Ad-Hoc|iPhone.Build.0 = Debug|Any CPU
		{0D60F4F4-ED1C-4573-A1DB-181D46C471D8}.Ad-Hoc|iPhoneSimulator.ActiveCfg = Debug|Any CPU
		{0D60F4F4-ED1C-4573-A1DB-181D46C471D8}.Ad-Hoc|iPhoneSimulator.Build.0 = Debug|Any CPU
		{0D60F4F4-ED1C-4573-A1DB-181D46C471D8}.Ad-Hoc|x64.ActiveCfg = Debug|Any CPU
		{0D60F4F4-ED1C-4573-A1DB-181D46C471D8}.Ad-Hoc|x64.Build.0 = Debug|Any CPU
		{0D60F4F4-ED1C-4573-A1DB-181D46C471D8}.Ad-Hoc|x86.ActiveCfg = Debug|Any CPU
		{0D60F4F4-ED1C-4573-A1DB-181D46C471D8}.Ad-Hoc|x86.Build.0 = Debug|Any CPU
		{0D60F4F4-ED1C-4573-A1DB-181D46C471D8}.AppStore|Any CPU.ActiveCfg = Debug|Any CPU
		{0D60F4F4-ED1C-4573-A1DB-181D46C471D8}.AppStore|Any CPU.Build.0 = Debug|Any CPU
		{0D60F4F4-ED1C-4573-A1DB-181D46C471D8}.AppStore|ARM.ActiveCfg = Debug|Any CPU
		{0D60F4F4-ED1C-4573-A1DB-181D46C471D8}.AppStore|ARM.Build.0 = Debug|Any CPU
		{0D60F4F4-ED1C-4573-A1DB-181D46C471D8}.AppStore|ARM64.ActiveCfg = Debug|Any CPU
		{0D60F4F4-ED1C-4573-A1DB-181D46C471D8}.AppStore|ARM64.Build.0 = Debug|Any CPU
		{0D60F4F4-ED1C-4573-A1DB-181D46C471D8}.AppStore|iPhone.ActiveCfg = Debug|Any CPU
		{0D60F4F4-ED1C-4573-A1DB-181D46C471D8}.AppStore|iPhone.Build.0 = Debug|Any CPU
		{0D60F4F4-ED1C-4573-A1DB-181D46C471D8}.AppStore|iPhoneSimulator.ActiveCfg = Debug|Any CPU
		{0D60F4F4-ED1C-4573-A1DB-181D46C471D8}.AppStore|iPhoneSimulator.Build.0 = Debug|Any CPU
		{0D60F4F4-ED1C-4573-A1DB-181D46C471D8}.AppStore|x64.ActiveCfg = Debug|Any CPU
		{0D60F4F4-ED1C-4573-A1DB-181D46C471D8}.AppStore|x64.Build.0 = Debug|Any CPU
		{0D60F4F4-ED1C-4573-A1DB-181D46C471D8}.AppStore|x86.ActiveCfg = Debug|Any CPU
		{0D60F4F4-ED1C-4573-A1DB-181D46C471D8}.AppStore|x86.Build.0 = Debug|Any CPU
		{0D60F4F4-ED1C-4573-A1DB-181D46C471D8}.Debug|Any CPU.ActiveCfg = Debug|Any CPU
		{0D60F4F4-ED1C-4573-A1DB-181D46C471D8}.Debug|Any CPU.Build.0 = Debug|Any CPU
		{0D60F4F4-ED1C-4573-A1DB-181D46C471D8}.Debug|ARM.ActiveCfg = Debug|Any CPU
		{0D60F4F4-ED1C-4573-A1DB-181D46C471D8}.Debug|ARM.Build.0 = Debug|Any CPU
		{0D60F4F4-ED1C-4573-A1DB-181D46C471D8}.Debug|ARM64.ActiveCfg = Debug|Any CPU
		{0D60F4F4-ED1C-4573-A1DB-181D46C471D8}.Debug|ARM64.Build.0 = Debug|Any CPU
		{0D60F4F4-ED1C-4573-A1DB-181D46C471D8}.Debug|iPhone.ActiveCfg = Debug|Any CPU
		{0D60F4F4-ED1C-4573-A1DB-181D46C471D8}.Debug|iPhone.Build.0 = Debug|Any CPU
		{0D60F4F4-ED1C-4573-A1DB-181D46C471D8}.Debug|iPhoneSimulator.ActiveCfg = Debug|Any CPU
		{0D60F4F4-ED1C-4573-A1DB-181D46C471D8}.Debug|iPhoneSimulator.Build.0 = Debug|Any CPU
		{0D60F4F4-ED1C-4573-A1DB-181D46C471D8}.Debug|x64.ActiveCfg = Debug|Any CPU
		{0D60F4F4-ED1C-4573-A1DB-181D46C471D8}.Debug|x64.Build.0 = Debug|Any CPU
		{0D60F4F4-ED1C-4573-A1DB-181D46C471D8}.Debug|x86.ActiveCfg = Debug|Any CPU
		{0D60F4F4-ED1C-4573-A1DB-181D46C471D8}.Debug|x86.Build.0 = Debug|Any CPU
		{0D60F4F4-ED1C-4573-A1DB-181D46C471D8}.Release|Any CPU.ActiveCfg = Release|Any CPU
		{0D60F4F4-ED1C-4573-A1DB-181D46C471D8}.Release|Any CPU.Build.0 = Release|Any CPU
		{0D60F4F4-ED1C-4573-A1DB-181D46C471D8}.Release|ARM.ActiveCfg = Release|Any CPU
		{0D60F4F4-ED1C-4573-A1DB-181D46C471D8}.Release|ARM.Build.0 = Release|Any CPU
		{0D60F4F4-ED1C-4573-A1DB-181D46C471D8}.Release|ARM64.ActiveCfg = Release|Any CPU
		{0D60F4F4-ED1C-4573-A1DB-181D46C471D8}.Release|ARM64.Build.0 = Release|Any CPU
		{0D60F4F4-ED1C-4573-A1DB-181D46C471D8}.Release|iPhone.ActiveCfg = Release|Any CPU
		{0D60F4F4-ED1C-4573-A1DB-181D46C471D8}.Release|iPhone.Build.0 = Release|Any CPU
		{0D60F4F4-ED1C-4573-A1DB-181D46C471D8}.Release|iPhoneSimulator.ActiveCfg = Release|Any CPU
		{0D60F4F4-ED1C-4573-A1DB-181D46C471D8}.Release|iPhoneSimulator.Build.0 = Release|Any CPU
		{0D60F4F4-ED1C-4573-A1DB-181D46C471D8}.Release|x64.ActiveCfg = Release|Any CPU
		{0D60F4F4-ED1C-4573-A1DB-181D46C471D8}.Release|x64.Build.0 = Release|Any CPU
		{0D60F4F4-ED1C-4573-A1DB-181D46C471D8}.Release|x86.ActiveCfg = Release|Any CPU
		{0D60F4F4-ED1C-4573-A1DB-181D46C471D8}.Release|x86.Build.0 = Release|Any CPU
		{ADADEF96-4A95-447B-B86D-3EEBD6C8CE55}.Ad-Hoc|Any CPU.ActiveCfg = Debug|Any CPU
		{ADADEF96-4A95-447B-B86D-3EEBD6C8CE55}.Ad-Hoc|Any CPU.Build.0 = Debug|Any CPU
		{ADADEF96-4A95-447B-B86D-3EEBD6C8CE55}.Ad-Hoc|Any CPU.Deploy.0 = Debug|Any CPU
		{ADADEF96-4A95-447B-B86D-3EEBD6C8CE55}.Ad-Hoc|ARM.ActiveCfg = Debug|Any CPU
		{ADADEF96-4A95-447B-B86D-3EEBD6C8CE55}.Ad-Hoc|ARM.Build.0 = Debug|Any CPU
		{ADADEF96-4A95-447B-B86D-3EEBD6C8CE55}.Ad-Hoc|ARM.Deploy.0 = Debug|Any CPU
		{ADADEF96-4A95-447B-B86D-3EEBD6C8CE55}.Ad-Hoc|ARM64.ActiveCfg = Debug|Any CPU
		{ADADEF96-4A95-447B-B86D-3EEBD6C8CE55}.Ad-Hoc|ARM64.Build.0 = Debug|Any CPU
		{ADADEF96-4A95-447B-B86D-3EEBD6C8CE55}.Ad-Hoc|ARM64.Deploy.0 = Debug|Any CPU
		{ADADEF96-4A95-447B-B86D-3EEBD6C8CE55}.Ad-Hoc|iPhone.ActiveCfg = Debug|Any CPU
		{ADADEF96-4A95-447B-B86D-3EEBD6C8CE55}.Ad-Hoc|iPhone.Build.0 = Debug|Any CPU
		{ADADEF96-4A95-447B-B86D-3EEBD6C8CE55}.Ad-Hoc|iPhone.Deploy.0 = Debug|Any CPU
		{ADADEF96-4A95-447B-B86D-3EEBD6C8CE55}.Ad-Hoc|iPhoneSimulator.ActiveCfg = Debug|Any CPU
		{ADADEF96-4A95-447B-B86D-3EEBD6C8CE55}.Ad-Hoc|iPhoneSimulator.Build.0 = Debug|Any CPU
		{ADADEF96-4A95-447B-B86D-3EEBD6C8CE55}.Ad-Hoc|iPhoneSimulator.Deploy.0 = Debug|Any CPU
		{ADADEF96-4A95-447B-B86D-3EEBD6C8CE55}.Ad-Hoc|x64.ActiveCfg = Debug|Any CPU
		{ADADEF96-4A95-447B-B86D-3EEBD6C8CE55}.Ad-Hoc|x64.Build.0 = Debug|Any CPU
		{ADADEF96-4A95-447B-B86D-3EEBD6C8CE55}.Ad-Hoc|x64.Deploy.0 = Debug|Any CPU
		{ADADEF96-4A95-447B-B86D-3EEBD6C8CE55}.Ad-Hoc|x86.ActiveCfg = Debug|Any CPU
		{ADADEF96-4A95-447B-B86D-3EEBD6C8CE55}.Ad-Hoc|x86.Build.0 = Debug|Any CPU
		{ADADEF96-4A95-447B-B86D-3EEBD6C8CE55}.Ad-Hoc|x86.Deploy.0 = Debug|Any CPU
		{ADADEF96-4A95-447B-B86D-3EEBD6C8CE55}.AppStore|Any CPU.ActiveCfg = Debug|Any CPU
		{ADADEF96-4A95-447B-B86D-3EEBD6C8CE55}.AppStore|Any CPU.Build.0 = Debug|Any CPU
		{ADADEF96-4A95-447B-B86D-3EEBD6C8CE55}.AppStore|Any CPU.Deploy.0 = Debug|Any CPU
		{ADADEF96-4A95-447B-B86D-3EEBD6C8CE55}.AppStore|ARM.ActiveCfg = Debug|Any CPU
		{ADADEF96-4A95-447B-B86D-3EEBD6C8CE55}.AppStore|ARM.Build.0 = Debug|Any CPU
		{ADADEF96-4A95-447B-B86D-3EEBD6C8CE55}.AppStore|ARM.Deploy.0 = Debug|Any CPU
		{ADADEF96-4A95-447B-B86D-3EEBD6C8CE55}.AppStore|ARM64.ActiveCfg = Debug|Any CPU
		{ADADEF96-4A95-447B-B86D-3EEBD6C8CE55}.AppStore|ARM64.Build.0 = Debug|Any CPU
		{ADADEF96-4A95-447B-B86D-3EEBD6C8CE55}.AppStore|ARM64.Deploy.0 = Debug|Any CPU
		{ADADEF96-4A95-447B-B86D-3EEBD6C8CE55}.AppStore|iPhone.ActiveCfg = Debug|Any CPU
		{ADADEF96-4A95-447B-B86D-3EEBD6C8CE55}.AppStore|iPhone.Build.0 = Debug|Any CPU
		{ADADEF96-4A95-447B-B86D-3EEBD6C8CE55}.AppStore|iPhone.Deploy.0 = Debug|Any CPU
		{ADADEF96-4A95-447B-B86D-3EEBD6C8CE55}.AppStore|iPhoneSimulator.ActiveCfg = Debug|Any CPU
		{ADADEF96-4A95-447B-B86D-3EEBD6C8CE55}.AppStore|iPhoneSimulator.Build.0 = Debug|Any CPU
		{ADADEF96-4A95-447B-B86D-3EEBD6C8CE55}.AppStore|iPhoneSimulator.Deploy.0 = Debug|Any CPU
		{ADADEF96-4A95-447B-B86D-3EEBD6C8CE55}.AppStore|x64.ActiveCfg = Debug|Any CPU
		{ADADEF96-4A95-447B-B86D-3EEBD6C8CE55}.AppStore|x64.Build.0 = Debug|Any CPU
		{ADADEF96-4A95-447B-B86D-3EEBD6C8CE55}.AppStore|x64.Deploy.0 = Debug|Any CPU
		{ADADEF96-4A95-447B-B86D-3EEBD6C8CE55}.AppStore|x86.ActiveCfg = Debug|Any CPU
		{ADADEF96-4A95-447B-B86D-3EEBD6C8CE55}.AppStore|x86.Build.0 = Debug|Any CPU
		{ADADEF96-4A95-447B-B86D-3EEBD6C8CE55}.AppStore|x86.Deploy.0 = Debug|Any CPU
		{ADADEF96-4A95-447B-B86D-3EEBD6C8CE55}.Debug|Any CPU.ActiveCfg = Debug|Any CPU
		{ADADEF96-4A95-447B-B86D-3EEBD6C8CE55}.Debug|Any CPU.Build.0 = Debug|Any CPU
		{ADADEF96-4A95-447B-B86D-3EEBD6C8CE55}.Debug|Any CPU.Deploy.0 = Debug|Any CPU
		{ADADEF96-4A95-447B-B86D-3EEBD6C8CE55}.Debug|ARM.ActiveCfg = Debug|Any CPU
		{ADADEF96-4A95-447B-B86D-3EEBD6C8CE55}.Debug|ARM.Build.0 = Debug|Any CPU
		{ADADEF96-4A95-447B-B86D-3EEBD6C8CE55}.Debug|ARM.Deploy.0 = Debug|Any CPU
		{ADADEF96-4A95-447B-B86D-3EEBD6C8CE55}.Debug|ARM64.ActiveCfg = Debug|Any CPU
		{ADADEF96-4A95-447B-B86D-3EEBD6C8CE55}.Debug|ARM64.Build.0 = Debug|Any CPU
		{ADADEF96-4A95-447B-B86D-3EEBD6C8CE55}.Debug|ARM64.Deploy.0 = Debug|Any CPU
		{ADADEF96-4A95-447B-B86D-3EEBD6C8CE55}.Debug|iPhone.ActiveCfg = Debug|Any CPU
		{ADADEF96-4A95-447B-B86D-3EEBD6C8CE55}.Debug|iPhone.Build.0 = Debug|Any CPU
		{ADADEF96-4A95-447B-B86D-3EEBD6C8CE55}.Debug|iPhone.Deploy.0 = Debug|Any CPU
		{ADADEF96-4A95-447B-B86D-3EEBD6C8CE55}.Debug|iPhoneSimulator.ActiveCfg = Debug|Any CPU
		{ADADEF96-4A95-447B-B86D-3EEBD6C8CE55}.Debug|iPhoneSimulator.Build.0 = Debug|Any CPU
		{ADADEF96-4A95-447B-B86D-3EEBD6C8CE55}.Debug|iPhoneSimulator.Deploy.0 = Debug|Any CPU
		{ADADEF96-4A95-447B-B86D-3EEBD6C8CE55}.Debug|x64.ActiveCfg = Debug|Any CPU
		{ADADEF96-4A95-447B-B86D-3EEBD6C8CE55}.Debug|x64.Build.0 = Debug|Any CPU
		{ADADEF96-4A95-447B-B86D-3EEBD6C8CE55}.Debug|x64.Deploy.0 = Debug|Any CPU
		{ADADEF96-4A95-447B-B86D-3EEBD6C8CE55}.Debug|x86.ActiveCfg = Debug|Any CPU
		{ADADEF96-4A95-447B-B86D-3EEBD6C8CE55}.Debug|x86.Build.0 = Debug|Any CPU
		{ADADEF96-4A95-447B-B86D-3EEBD6C8CE55}.Debug|x86.Deploy.0 = Debug|Any CPU
		{ADADEF96-4A95-447B-B86D-3EEBD6C8CE55}.Release|Any CPU.ActiveCfg = Release|Any CPU
		{ADADEF96-4A95-447B-B86D-3EEBD6C8CE55}.Release|Any CPU.Build.0 = Release|Any CPU
		{ADADEF96-4A95-447B-B86D-3EEBD6C8CE55}.Release|Any CPU.Deploy.0 = Release|Any CPU
		{ADADEF96-4A95-447B-B86D-3EEBD6C8CE55}.Release|ARM.ActiveCfg = Release|Any CPU
		{ADADEF96-4A95-447B-B86D-3EEBD6C8CE55}.Release|ARM.Build.0 = Release|Any CPU
		{ADADEF96-4A95-447B-B86D-3EEBD6C8CE55}.Release|ARM.Deploy.0 = Release|Any CPU
		{ADADEF96-4A95-447B-B86D-3EEBD6C8CE55}.Release|ARM64.ActiveCfg = Release|Any CPU
		{ADADEF96-4A95-447B-B86D-3EEBD6C8CE55}.Release|ARM64.Build.0 = Release|Any CPU
		{ADADEF96-4A95-447B-B86D-3EEBD6C8CE55}.Release|ARM64.Deploy.0 = Release|Any CPU
		{ADADEF96-4A95-447B-B86D-3EEBD6C8CE55}.Release|iPhone.ActiveCfg = Release|Any CPU
		{ADADEF96-4A95-447B-B86D-3EEBD6C8CE55}.Release|iPhone.Build.0 = Release|Any CPU
		{ADADEF96-4A95-447B-B86D-3EEBD6C8CE55}.Release|iPhone.Deploy.0 = Release|Any CPU
		{ADADEF96-4A95-447B-B86D-3EEBD6C8CE55}.Release|iPhoneSimulator.ActiveCfg = Release|Any CPU
		{ADADEF96-4A95-447B-B86D-3EEBD6C8CE55}.Release|iPhoneSimulator.Build.0 = Release|Any CPU
		{ADADEF96-4A95-447B-B86D-3EEBD6C8CE55}.Release|iPhoneSimulator.Deploy.0 = Release|Any CPU
		{ADADEF96-4A95-447B-B86D-3EEBD6C8CE55}.Release|x64.ActiveCfg = Release|Any CPU
		{ADADEF96-4A95-447B-B86D-3EEBD6C8CE55}.Release|x64.Build.0 = Release|Any CPU
		{ADADEF96-4A95-447B-B86D-3EEBD6C8CE55}.Release|x64.Deploy.0 = Release|Any CPU
		{ADADEF96-4A95-447B-B86D-3EEBD6C8CE55}.Release|x86.ActiveCfg = Release|Any CPU
		{ADADEF96-4A95-447B-B86D-3EEBD6C8CE55}.Release|x86.Build.0 = Release|Any CPU
		{ADADEF96-4A95-447B-B86D-3EEBD6C8CE55}.Release|x86.Deploy.0 = Release|Any CPU
		{3D9D1ECD-9592-407B-912F-491DEE63B801}.Ad-Hoc|Any CPU.ActiveCfg = Ad-Hoc|iPhoneSimulator
		{3D9D1ECD-9592-407B-912F-491DEE63B801}.Ad-Hoc|ARM.ActiveCfg = Ad-Hoc|iPhoneSimulator
		{3D9D1ECD-9592-407B-912F-491DEE63B801}.Ad-Hoc|ARM64.ActiveCfg = Ad-Hoc|iPhoneSimulator
		{3D9D1ECD-9592-407B-912F-491DEE63B801}.Ad-Hoc|iPhone.ActiveCfg = Ad-Hoc|iPhone
		{3D9D1ECD-9592-407B-912F-491DEE63B801}.Ad-Hoc|iPhone.Build.0 = Ad-Hoc|iPhone
		{3D9D1ECD-9592-407B-912F-491DEE63B801}.Ad-Hoc|iPhoneSimulator.ActiveCfg = Ad-Hoc|iPhoneSimulator
		{3D9D1ECD-9592-407B-912F-491DEE63B801}.Ad-Hoc|iPhoneSimulator.Build.0 = Ad-Hoc|iPhoneSimulator
		{3D9D1ECD-9592-407B-912F-491DEE63B801}.Ad-Hoc|x64.ActiveCfg = Ad-Hoc|iPhoneSimulator
		{3D9D1ECD-9592-407B-912F-491DEE63B801}.Ad-Hoc|x86.ActiveCfg = Ad-Hoc|iPhoneSimulator
		{3D9D1ECD-9592-407B-912F-491DEE63B801}.AppStore|Any CPU.ActiveCfg = AppStore|iPhoneSimulator
		{3D9D1ECD-9592-407B-912F-491DEE63B801}.AppStore|ARM.ActiveCfg = AppStore|iPhoneSimulator
		{3D9D1ECD-9592-407B-912F-491DEE63B801}.AppStore|ARM64.ActiveCfg = AppStore|iPhoneSimulator
		{3D9D1ECD-9592-407B-912F-491DEE63B801}.AppStore|iPhone.ActiveCfg = AppStore|iPhone
		{3D9D1ECD-9592-407B-912F-491DEE63B801}.AppStore|iPhone.Build.0 = AppStore|iPhone
		{3D9D1ECD-9592-407B-912F-491DEE63B801}.AppStore|iPhoneSimulator.ActiveCfg = AppStore|iPhoneSimulator
		{3D9D1ECD-9592-407B-912F-491DEE63B801}.AppStore|iPhoneSimulator.Build.0 = AppStore|iPhoneSimulator
		{3D9D1ECD-9592-407B-912F-491DEE63B801}.AppStore|x64.ActiveCfg = AppStore|iPhoneSimulator
		{3D9D1ECD-9592-407B-912F-491DEE63B801}.AppStore|x86.ActiveCfg = AppStore|iPhoneSimulator
		{3D9D1ECD-9592-407B-912F-491DEE63B801}.Debug|Any CPU.ActiveCfg = Debug|iPhoneSimulator
		{3D9D1ECD-9592-407B-912F-491DEE63B801}.Debug|ARM.ActiveCfg = Debug|iPhoneSimulator
		{3D9D1ECD-9592-407B-912F-491DEE63B801}.Debug|ARM64.ActiveCfg = Debug|iPhoneSimulator
		{3D9D1ECD-9592-407B-912F-491DEE63B801}.Debug|iPhone.ActiveCfg = Debug|iPhone
		{3D9D1ECD-9592-407B-912F-491DEE63B801}.Debug|iPhone.Build.0 = Debug|iPhone
		{3D9D1ECD-9592-407B-912F-491DEE63B801}.Debug|iPhoneSimulator.ActiveCfg = Debug|iPhoneSimulator
		{3D9D1ECD-9592-407B-912F-491DEE63B801}.Debug|iPhoneSimulator.Build.0 = Debug|iPhoneSimulator
		{3D9D1ECD-9592-407B-912F-491DEE63B801}.Debug|x64.ActiveCfg = Debug|iPhoneSimulator
		{3D9D1ECD-9592-407B-912F-491DEE63B801}.Debug|x86.ActiveCfg = Debug|iPhoneSimulator
		{3D9D1ECD-9592-407B-912F-491DEE63B801}.Release|Any CPU.ActiveCfg = Release|iPhoneSimulator
		{3D9D1ECD-9592-407B-912F-491DEE63B801}.Release|ARM.ActiveCfg = Release|iPhoneSimulator
		{3D9D1ECD-9592-407B-912F-491DEE63B801}.Release|ARM64.ActiveCfg = Release|iPhoneSimulator
		{3D9D1ECD-9592-407B-912F-491DEE63B801}.Release|iPhone.ActiveCfg = Release|iPhone
		{3D9D1ECD-9592-407B-912F-491DEE63B801}.Release|iPhone.Build.0 = Release|iPhone
		{3D9D1ECD-9592-407B-912F-491DEE63B801}.Release|iPhoneSimulator.ActiveCfg = Release|iPhoneSimulator
		{3D9D1ECD-9592-407B-912F-491DEE63B801}.Release|iPhoneSimulator.Build.0 = Release|iPhoneSimulator
		{3D9D1ECD-9592-407B-912F-491DEE63B801}.Release|x64.ActiveCfg = Release|iPhoneSimulator
		{3D9D1ECD-9592-407B-912F-491DEE63B801}.Release|x86.ActiveCfg = Release|iPhoneSimulator
		{AA4B2612-9C5F-4D99-826B-A1E36EEA1018}.Ad-Hoc|Any CPU.ActiveCfg = Debug|x86
		{AA4B2612-9C5F-4D99-826B-A1E36EEA1018}.Ad-Hoc|Any CPU.Build.0 = Debug|x86
		{AA4B2612-9C5F-4D99-826B-A1E36EEA1018}.Ad-Hoc|Any CPU.Deploy.0 = Debug|x86
		{AA4B2612-9C5F-4D99-826B-A1E36EEA1018}.Ad-Hoc|ARM.ActiveCfg = Debug|ARM
		{AA4B2612-9C5F-4D99-826B-A1E36EEA1018}.Ad-Hoc|ARM.Build.0 = Debug|ARM
		{AA4B2612-9C5F-4D99-826B-A1E36EEA1018}.Ad-Hoc|ARM.Deploy.0 = Debug|ARM
		{AA4B2612-9C5F-4D99-826B-A1E36EEA1018}.Ad-Hoc|ARM64.ActiveCfg = Debug|ARM64
		{AA4B2612-9C5F-4D99-826B-A1E36EEA1018}.Ad-Hoc|ARM64.Build.0 = Debug|ARM64
		{AA4B2612-9C5F-4D99-826B-A1E36EEA1018}.Ad-Hoc|ARM64.Deploy.0 = Debug|ARM64
		{AA4B2612-9C5F-4D99-826B-A1E36EEA1018}.Ad-Hoc|iPhone.ActiveCfg = Debug|x86
		{AA4B2612-9C5F-4D99-826B-A1E36EEA1018}.Ad-Hoc|iPhone.Build.0 = Debug|x86
		{AA4B2612-9C5F-4D99-826B-A1E36EEA1018}.Ad-Hoc|iPhone.Deploy.0 = Debug|x86
		{AA4B2612-9C5F-4D99-826B-A1E36EEA1018}.Ad-Hoc|iPhoneSimulator.ActiveCfg = Debug|x86
		{AA4B2612-9C5F-4D99-826B-A1E36EEA1018}.Ad-Hoc|iPhoneSimulator.Build.0 = Debug|x86
		{AA4B2612-9C5F-4D99-826B-A1E36EEA1018}.Ad-Hoc|iPhoneSimulator.Deploy.0 = Debug|x86
		{AA4B2612-9C5F-4D99-826B-A1E36EEA1018}.Ad-Hoc|x64.ActiveCfg = Debug|x64
		{AA4B2612-9C5F-4D99-826B-A1E36EEA1018}.Ad-Hoc|x64.Build.0 = Debug|x64
		{AA4B2612-9C5F-4D99-826B-A1E36EEA1018}.Ad-Hoc|x64.Deploy.0 = Debug|x64
		{AA4B2612-9C5F-4D99-826B-A1E36EEA1018}.Ad-Hoc|x86.ActiveCfg = Debug|x86
		{AA4B2612-9C5F-4D99-826B-A1E36EEA1018}.Ad-Hoc|x86.Build.0 = Debug|x86
		{AA4B2612-9C5F-4D99-826B-A1E36EEA1018}.Ad-Hoc|x86.Deploy.0 = Debug|x86
		{AA4B2612-9C5F-4D99-826B-A1E36EEA1018}.AppStore|Any CPU.ActiveCfg = Debug|x86
		{AA4B2612-9C5F-4D99-826B-A1E36EEA1018}.AppStore|Any CPU.Build.0 = Debug|x86
		{AA4B2612-9C5F-4D99-826B-A1E36EEA1018}.AppStore|Any CPU.Deploy.0 = Debug|x86
		{AA4B2612-9C5F-4D99-826B-A1E36EEA1018}.AppStore|ARM.ActiveCfg = Debug|ARM
		{AA4B2612-9C5F-4D99-826B-A1E36EEA1018}.AppStore|ARM.Build.0 = Debug|ARM
		{AA4B2612-9C5F-4D99-826B-A1E36EEA1018}.AppStore|ARM.Deploy.0 = Debug|ARM
		{AA4B2612-9C5F-4D99-826B-A1E36EEA1018}.AppStore|ARM64.ActiveCfg = Debug|ARM64
		{AA4B2612-9C5F-4D99-826B-A1E36EEA1018}.AppStore|ARM64.Build.0 = Debug|ARM64
		{AA4B2612-9C5F-4D99-826B-A1E36EEA1018}.AppStore|ARM64.Deploy.0 = Debug|ARM64
		{AA4B2612-9C5F-4D99-826B-A1E36EEA1018}.AppStore|iPhone.ActiveCfg = Debug|x86
		{AA4B2612-9C5F-4D99-826B-A1E36EEA1018}.AppStore|iPhone.Build.0 = Debug|x86
		{AA4B2612-9C5F-4D99-826B-A1E36EEA1018}.AppStore|iPhone.Deploy.0 = Debug|x86
		{AA4B2612-9C5F-4D99-826B-A1E36EEA1018}.AppStore|iPhoneSimulator.ActiveCfg = Debug|x86
		{AA4B2612-9C5F-4D99-826B-A1E36EEA1018}.AppStore|iPhoneSimulator.Build.0 = Debug|x86
		{AA4B2612-9C5F-4D99-826B-A1E36EEA1018}.AppStore|iPhoneSimulator.Deploy.0 = Debug|x86
		{AA4B2612-9C5F-4D99-826B-A1E36EEA1018}.AppStore|x64.ActiveCfg = Debug|x64
		{AA4B2612-9C5F-4D99-826B-A1E36EEA1018}.AppStore|x64.Build.0 = Debug|x64
		{AA4B2612-9C5F-4D99-826B-A1E36EEA1018}.AppStore|x64.Deploy.0 = Debug|x64
		{AA4B2612-9C5F-4D99-826B-A1E36EEA1018}.AppStore|x86.ActiveCfg = Debug|x86
		{AA4B2612-9C5F-4D99-826B-A1E36EEA1018}.AppStore|x86.Build.0 = Debug|x86
		{AA4B2612-9C5F-4D99-826B-A1E36EEA1018}.AppStore|x86.Deploy.0 = Debug|x86
		{AA4B2612-9C5F-4D99-826B-A1E36EEA1018}.Debug|Any CPU.ActiveCfg = Debug|x86
		{AA4B2612-9C5F-4D99-826B-A1E36EEA1018}.Debug|ARM.ActiveCfg = Debug|ARM
		{AA4B2612-9C5F-4D99-826B-A1E36EEA1018}.Debug|ARM.Build.0 = Debug|ARM
		{AA4B2612-9C5F-4D99-826B-A1E36EEA1018}.Debug|ARM.Deploy.0 = Debug|ARM
		{AA4B2612-9C5F-4D99-826B-A1E36EEA1018}.Debug|ARM64.ActiveCfg = Debug|ARM64
		{AA4B2612-9C5F-4D99-826B-A1E36EEA1018}.Debug|ARM64.Build.0 = Debug|ARM64
		{AA4B2612-9C5F-4D99-826B-A1E36EEA1018}.Debug|ARM64.Deploy.0 = Debug|ARM64
		{AA4B2612-9C5F-4D99-826B-A1E36EEA1018}.Debug|iPhone.ActiveCfg = Debug|x86
		{AA4B2612-9C5F-4D99-826B-A1E36EEA1018}.Debug|iPhoneSimulator.ActiveCfg = Debug|x86
		{AA4B2612-9C5F-4D99-826B-A1E36EEA1018}.Debug|x64.ActiveCfg = Debug|x64
		{AA4B2612-9C5F-4D99-826B-A1E36EEA1018}.Debug|x64.Build.0 = Debug|x64
		{AA4B2612-9C5F-4D99-826B-A1E36EEA1018}.Debug|x64.Deploy.0 = Debug|x64
		{AA4B2612-9C5F-4D99-826B-A1E36EEA1018}.Debug|x86.ActiveCfg = Debug|x86
		{AA4B2612-9C5F-4D99-826B-A1E36EEA1018}.Debug|x86.Build.0 = Debug|x86
		{AA4B2612-9C5F-4D99-826B-A1E36EEA1018}.Debug|x86.Deploy.0 = Debug|x86
		{AA4B2612-9C5F-4D99-826B-A1E36EEA1018}.Release|Any CPU.ActiveCfg = Release|x86
		{AA4B2612-9C5F-4D99-826B-A1E36EEA1018}.Release|ARM.ActiveCfg = Release|ARM
		{AA4B2612-9C5F-4D99-826B-A1E36EEA1018}.Release|ARM.Build.0 = Release|ARM
		{AA4B2612-9C5F-4D99-826B-A1E36EEA1018}.Release|ARM.Deploy.0 = Release|ARM
		{AA4B2612-9C5F-4D99-826B-A1E36EEA1018}.Release|ARM64.ActiveCfg = Release|ARM64
		{AA4B2612-9C5F-4D99-826B-A1E36EEA1018}.Release|ARM64.Build.0 = Release|ARM64
		{AA4B2612-9C5F-4D99-826B-A1E36EEA1018}.Release|ARM64.Deploy.0 = Release|ARM64
		{AA4B2612-9C5F-4D99-826B-A1E36EEA1018}.Release|iPhone.ActiveCfg = Release|x86
		{AA4B2612-9C5F-4D99-826B-A1E36EEA1018}.Release|iPhoneSimulator.ActiveCfg = Release|x86
		{AA4B2612-9C5F-4D99-826B-A1E36EEA1018}.Release|x64.ActiveCfg = Release|x64
		{AA4B2612-9C5F-4D99-826B-A1E36EEA1018}.Release|x64.Build.0 = Release|x64
		{AA4B2612-9C5F-4D99-826B-A1E36EEA1018}.Release|x64.Deploy.0 = Release|x64
		{AA4B2612-9C5F-4D99-826B-A1E36EEA1018}.Release|x86.ActiveCfg = Release|x86
		{AA4B2612-9C5F-4D99-826B-A1E36EEA1018}.Release|x86.Build.0 = Release|x86
		{AA4B2612-9C5F-4D99-826B-A1E36EEA1018}.Release|x86.Deploy.0 = Release|x86
		{B8C3F2DA-523D-4AE5-AB70-2B530323A81B}.Ad-Hoc|Any CPU.ActiveCfg = Debug|Any CPU
		{B8C3F2DA-523D-4AE5-AB70-2B530323A81B}.Ad-Hoc|Any CPU.Build.0 = Debug|Any CPU
		{B8C3F2DA-523D-4AE5-AB70-2B530323A81B}.Ad-Hoc|ARM.ActiveCfg = Debug|Any CPU
		{B8C3F2DA-523D-4AE5-AB70-2B530323A81B}.Ad-Hoc|ARM.Build.0 = Debug|Any CPU
		{B8C3F2DA-523D-4AE5-AB70-2B530323A81B}.Ad-Hoc|ARM64.ActiveCfg = Debug|Any CPU
		{B8C3F2DA-523D-4AE5-AB70-2B530323A81B}.Ad-Hoc|ARM64.Build.0 = Debug|Any CPU
		{B8C3F2DA-523D-4AE5-AB70-2B530323A81B}.Ad-Hoc|iPhone.ActiveCfg = Debug|Any CPU
		{B8C3F2DA-523D-4AE5-AB70-2B530323A81B}.Ad-Hoc|iPhone.Build.0 = Debug|Any CPU
		{B8C3F2DA-523D-4AE5-AB70-2B530323A81B}.Ad-Hoc|iPhoneSimulator.ActiveCfg = Debug|Any CPU
		{B8C3F2DA-523D-4AE5-AB70-2B530323A81B}.Ad-Hoc|iPhoneSimulator.Build.0 = Debug|Any CPU
		{B8C3F2DA-523D-4AE5-AB70-2B530323A81B}.Ad-Hoc|x64.ActiveCfg = Debug|Any CPU
		{B8C3F2DA-523D-4AE5-AB70-2B530323A81B}.Ad-Hoc|x64.Build.0 = Debug|Any CPU
		{B8C3F2DA-523D-4AE5-AB70-2B530323A81B}.Ad-Hoc|x86.ActiveCfg = Debug|Any CPU
		{B8C3F2DA-523D-4AE5-AB70-2B530323A81B}.Ad-Hoc|x86.Build.0 = Debug|Any CPU
		{B8C3F2DA-523D-4AE5-AB70-2B530323A81B}.AppStore|Any CPU.ActiveCfg = Debug|Any CPU
		{B8C3F2DA-523D-4AE5-AB70-2B530323A81B}.AppStore|Any CPU.Build.0 = Debug|Any CPU
		{B8C3F2DA-523D-4AE5-AB70-2B530323A81B}.AppStore|ARM.ActiveCfg = Debug|Any CPU
		{B8C3F2DA-523D-4AE5-AB70-2B530323A81B}.AppStore|ARM.Build.0 = Debug|Any CPU
		{B8C3F2DA-523D-4AE5-AB70-2B530323A81B}.AppStore|ARM64.ActiveCfg = Debug|Any CPU
		{B8C3F2DA-523D-4AE5-AB70-2B530323A81B}.AppStore|ARM64.Build.0 = Debug|Any CPU
		{B8C3F2DA-523D-4AE5-AB70-2B530323A81B}.AppStore|iPhone.ActiveCfg = Debug|Any CPU
		{B8C3F2DA-523D-4AE5-AB70-2B530323A81B}.AppStore|iPhone.Build.0 = Debug|Any CPU
		{B8C3F2DA-523D-4AE5-AB70-2B530323A81B}.AppStore|iPhoneSimulator.ActiveCfg = Debug|Any CPU
		{B8C3F2DA-523D-4AE5-AB70-2B530323A81B}.AppStore|iPhoneSimulator.Build.0 = Debug|Any CPU
		{B8C3F2DA-523D-4AE5-AB70-2B530323A81B}.AppStore|x64.ActiveCfg = Debug|Any CPU
		{B8C3F2DA-523D-4AE5-AB70-2B530323A81B}.AppStore|x64.Build.0 = Debug|Any CPU
		{B8C3F2DA-523D-4AE5-AB70-2B530323A81B}.AppStore|x86.ActiveCfg = Debug|Any CPU
		{B8C3F2DA-523D-4AE5-AB70-2B530323A81B}.AppStore|x86.Build.0 = Debug|Any CPU
		{B8C3F2DA-523D-4AE5-AB70-2B530323A81B}.Debug|Any CPU.ActiveCfg = Debug|Any CPU
		{B8C3F2DA-523D-4AE5-AB70-2B530323A81B}.Debug|Any CPU.Build.0 = Debug|Any CPU
		{B8C3F2DA-523D-4AE5-AB70-2B530323A81B}.Debug|ARM.ActiveCfg = Debug|Any CPU
		{B8C3F2DA-523D-4AE5-AB70-2B530323A81B}.Debug|ARM.Build.0 = Debug|Any CPU
		{B8C3F2DA-523D-4AE5-AB70-2B530323A81B}.Debug|ARM64.ActiveCfg = Debug|Any CPU
		{B8C3F2DA-523D-4AE5-AB70-2B530323A81B}.Debug|ARM64.Build.0 = Debug|Any CPU
		{B8C3F2DA-523D-4AE5-AB70-2B530323A81B}.Debug|iPhone.ActiveCfg = Debug|Any CPU
		{B8C3F2DA-523D-4AE5-AB70-2B530323A81B}.Debug|iPhone.Build.0 = Debug|Any CPU
		{B8C3F2DA-523D-4AE5-AB70-2B530323A81B}.Debug|iPhoneSimulator.ActiveCfg = Debug|Any CPU
		{B8C3F2DA-523D-4AE5-AB70-2B530323A81B}.Debug|iPhoneSimulator.Build.0 = Debug|Any CPU
		{B8C3F2DA-523D-4AE5-AB70-2B530323A81B}.Debug|x64.ActiveCfg = Debug|Any CPU
		{B8C3F2DA-523D-4AE5-AB70-2B530323A81B}.Debug|x64.Build.0 = Debug|Any CPU
		{B8C3F2DA-523D-4AE5-AB70-2B530323A81B}.Debug|x86.ActiveCfg = Debug|Any CPU
		{B8C3F2DA-523D-4AE5-AB70-2B530323A81B}.Debug|x86.Build.0 = Debug|Any CPU
		{B8C3F2DA-523D-4AE5-AB70-2B530323A81B}.Release|Any CPU.ActiveCfg = Release|Any CPU
		{B8C3F2DA-523D-4AE5-AB70-2B530323A81B}.Release|Any CPU.Build.0 = Release|Any CPU
		{B8C3F2DA-523D-4AE5-AB70-2B530323A81B}.Release|ARM.ActiveCfg = Release|Any CPU
		{B8C3F2DA-523D-4AE5-AB70-2B530323A81B}.Release|ARM.Build.0 = Release|Any CPU
		{B8C3F2DA-523D-4AE5-AB70-2B530323A81B}.Release|ARM64.ActiveCfg = Release|Any CPU
		{B8C3F2DA-523D-4AE5-AB70-2B530323A81B}.Release|ARM64.Build.0 = Release|Any CPU
		{B8C3F2DA-523D-4AE5-AB70-2B530323A81B}.Release|iPhone.ActiveCfg = Release|Any CPU
		{B8C3F2DA-523D-4AE5-AB70-2B530323A81B}.Release|iPhone.Build.0 = Release|Any CPU
		{B8C3F2DA-523D-4AE5-AB70-2B530323A81B}.Release|iPhoneSimulator.ActiveCfg = Release|Any CPU
		{B8C3F2DA-523D-4AE5-AB70-2B530323A81B}.Release|iPhoneSimulator.Build.0 = Release|Any CPU
		{B8C3F2DA-523D-4AE5-AB70-2B530323A81B}.Release|x64.ActiveCfg = Release|Any CPU
		{B8C3F2DA-523D-4AE5-AB70-2B530323A81B}.Release|x64.Build.0 = Release|Any CPU
		{B8C3F2DA-523D-4AE5-AB70-2B530323A81B}.Release|x86.ActiveCfg = Release|Any CPU
		{B8C3F2DA-523D-4AE5-AB70-2B530323A81B}.Release|x86.Build.0 = Release|Any CPU
		{FFBF6A09-25F2-4A6F-9DF2-E977161773EF}.Ad-Hoc|Any CPU.ActiveCfg = Debug|Any CPU
		{FFBF6A09-25F2-4A6F-9DF2-E977161773EF}.Ad-Hoc|Any CPU.Build.0 = Debug|Any CPU
		{FFBF6A09-25F2-4A6F-9DF2-E977161773EF}.Ad-Hoc|ARM.ActiveCfg = Debug|Any CPU
		{FFBF6A09-25F2-4A6F-9DF2-E977161773EF}.Ad-Hoc|ARM.Build.0 = Debug|Any CPU
		{FFBF6A09-25F2-4A6F-9DF2-E977161773EF}.Ad-Hoc|ARM64.ActiveCfg = Debug|Any CPU
		{FFBF6A09-25F2-4A6F-9DF2-E977161773EF}.Ad-Hoc|ARM64.Build.0 = Debug|Any CPU
		{FFBF6A09-25F2-4A6F-9DF2-E977161773EF}.Ad-Hoc|iPhone.ActiveCfg = Debug|Any CPU
		{FFBF6A09-25F2-4A6F-9DF2-E977161773EF}.Ad-Hoc|iPhone.Build.0 = Debug|Any CPU
		{FFBF6A09-25F2-4A6F-9DF2-E977161773EF}.Ad-Hoc|iPhoneSimulator.ActiveCfg = Debug|Any CPU
		{FFBF6A09-25F2-4A6F-9DF2-E977161773EF}.Ad-Hoc|iPhoneSimulator.Build.0 = Debug|Any CPU
		{FFBF6A09-25F2-4A6F-9DF2-E977161773EF}.Ad-Hoc|x64.ActiveCfg = Debug|Any CPU
		{FFBF6A09-25F2-4A6F-9DF2-E977161773EF}.Ad-Hoc|x64.Build.0 = Debug|Any CPU
		{FFBF6A09-25F2-4A6F-9DF2-E977161773EF}.Ad-Hoc|x86.ActiveCfg = Debug|Any CPU
		{FFBF6A09-25F2-4A6F-9DF2-E977161773EF}.Ad-Hoc|x86.Build.0 = Debug|Any CPU
		{FFBF6A09-25F2-4A6F-9DF2-E977161773EF}.AppStore|Any CPU.ActiveCfg = Debug|Any CPU
		{FFBF6A09-25F2-4A6F-9DF2-E977161773EF}.AppStore|Any CPU.Build.0 = Debug|Any CPU
		{FFBF6A09-25F2-4A6F-9DF2-E977161773EF}.AppStore|ARM.ActiveCfg = Debug|Any CPU
		{FFBF6A09-25F2-4A6F-9DF2-E977161773EF}.AppStore|ARM.Build.0 = Debug|Any CPU
		{FFBF6A09-25F2-4A6F-9DF2-E977161773EF}.AppStore|ARM64.ActiveCfg = Debug|Any CPU
		{FFBF6A09-25F2-4A6F-9DF2-E977161773EF}.AppStore|ARM64.Build.0 = Debug|Any CPU
		{FFBF6A09-25F2-4A6F-9DF2-E977161773EF}.AppStore|iPhone.ActiveCfg = Debug|Any CPU
		{FFBF6A09-25F2-4A6F-9DF2-E977161773EF}.AppStore|iPhone.Build.0 = Debug|Any CPU
		{FFBF6A09-25F2-4A6F-9DF2-E977161773EF}.AppStore|iPhoneSimulator.ActiveCfg = Debug|Any CPU
		{FFBF6A09-25F2-4A6F-9DF2-E977161773EF}.AppStore|iPhoneSimulator.Build.0 = Debug|Any CPU
		{FFBF6A09-25F2-4A6F-9DF2-E977161773EF}.AppStore|x64.ActiveCfg = Debug|Any CPU
		{FFBF6A09-25F2-4A6F-9DF2-E977161773EF}.AppStore|x64.Build.0 = Debug|Any CPU
		{FFBF6A09-25F2-4A6F-9DF2-E977161773EF}.AppStore|x86.ActiveCfg = Debug|Any CPU
		{FFBF6A09-25F2-4A6F-9DF2-E977161773EF}.AppStore|x86.Build.0 = Debug|Any CPU
		{FFBF6A09-25F2-4A6F-9DF2-E977161773EF}.Debug|Any CPU.ActiveCfg = Debug|Any CPU
		{FFBF6A09-25F2-4A6F-9DF2-E977161773EF}.Debug|Any CPU.Build.0 = Debug|Any CPU
		{FFBF6A09-25F2-4A6F-9DF2-E977161773EF}.Debug|ARM.ActiveCfg = Debug|Any CPU
		{FFBF6A09-25F2-4A6F-9DF2-E977161773EF}.Debug|ARM.Build.0 = Debug|Any CPU
		{FFBF6A09-25F2-4A6F-9DF2-E977161773EF}.Debug|ARM64.ActiveCfg = Debug|Any CPU
		{FFBF6A09-25F2-4A6F-9DF2-E977161773EF}.Debug|ARM64.Build.0 = Debug|Any CPU
		{FFBF6A09-25F2-4A6F-9DF2-E977161773EF}.Debug|iPhone.ActiveCfg = Debug|Any CPU
		{FFBF6A09-25F2-4A6F-9DF2-E977161773EF}.Debug|iPhone.Build.0 = Debug|Any CPU
		{FFBF6A09-25F2-4A6F-9DF2-E977161773EF}.Debug|iPhoneSimulator.ActiveCfg = Debug|Any CPU
		{FFBF6A09-25F2-4A6F-9DF2-E977161773EF}.Debug|iPhoneSimulator.Build.0 = Debug|Any CPU
		{FFBF6A09-25F2-4A6F-9DF2-E977161773EF}.Debug|x64.ActiveCfg = Debug|Any CPU
		{FFBF6A09-25F2-4A6F-9DF2-E977161773EF}.Debug|x64.Build.0 = Debug|Any CPU
		{FFBF6A09-25F2-4A6F-9DF2-E977161773EF}.Debug|x86.ActiveCfg = Debug|Any CPU
		{FFBF6A09-25F2-4A6F-9DF2-E977161773EF}.Debug|x86.Build.0 = Debug|Any CPU
		{FFBF6A09-25F2-4A6F-9DF2-E977161773EF}.Release|Any CPU.ActiveCfg = Release|Any CPU
		{FFBF6A09-25F2-4A6F-9DF2-E977161773EF}.Release|Any CPU.Build.0 = Release|Any CPU
		{FFBF6A09-25F2-4A6F-9DF2-E977161773EF}.Release|ARM.ActiveCfg = Release|Any CPU
		{FFBF6A09-25F2-4A6F-9DF2-E977161773EF}.Release|ARM.Build.0 = Release|Any CPU
		{FFBF6A09-25F2-4A6F-9DF2-E977161773EF}.Release|ARM64.ActiveCfg = Release|Any CPU
		{FFBF6A09-25F2-4A6F-9DF2-E977161773EF}.Release|ARM64.Build.0 = Release|Any CPU
		{FFBF6A09-25F2-4A6F-9DF2-E977161773EF}.Release|iPhone.ActiveCfg = Release|Any CPU
		{FFBF6A09-25F2-4A6F-9DF2-E977161773EF}.Release|iPhone.Build.0 = Release|Any CPU
		{FFBF6A09-25F2-4A6F-9DF2-E977161773EF}.Release|iPhoneSimulator.ActiveCfg = Release|Any CPU
		{FFBF6A09-25F2-4A6F-9DF2-E977161773EF}.Release|iPhoneSimulator.Build.0 = Release|Any CPU
		{FFBF6A09-25F2-4A6F-9DF2-E977161773EF}.Release|x64.ActiveCfg = Release|Any CPU
		{FFBF6A09-25F2-4A6F-9DF2-E977161773EF}.Release|x64.Build.0 = Release|Any CPU
		{FFBF6A09-25F2-4A6F-9DF2-E977161773EF}.Release|x86.ActiveCfg = Release|Any CPU
		{FFBF6A09-25F2-4A6F-9DF2-E977161773EF}.Release|x86.Build.0 = Release|Any CPU
	EndGlobalSection
	GlobalSection(SolutionProperties) = preSolution
		HideSolutionNode = FALSE
	EndGlobalSection
	GlobalSection(NestedProjects) = preSolution
		{D4D76EF1-6059-4F65-A18E-D98796FAB3DB} = {71D6D4B1-DD5C-4238-8E85-5BC755F40931}
		{6279C845-92F8-4333-AB99-3D213163593C} = {D4D76EF1-6059-4F65-A18E-D98796FAB3DB}
		{244C1BAB-5DB4-4C17-AFF9-A4CCF2FA35B3} = {D4D76EF1-6059-4F65-A18E-D98796FAB3DB}
		{ADADEF96-4A95-447B-B86D-3EEBD6C8CE55} = {244C1BAB-5DB4-4C17-AFF9-A4CCF2FA35B3}
		{3D9D1ECD-9592-407B-912F-491DEE63B801} = {244C1BAB-5DB4-4C17-AFF9-A4CCF2FA35B3}
		{AA4B2612-9C5F-4D99-826B-A1E36EEA1018} = {244C1BAB-5DB4-4C17-AFF9-A4CCF2FA35B3}
		{B8C3F2DA-523D-4AE5-AB70-2B530323A81B} = {244C1BAB-5DB4-4C17-AFF9-A4CCF2FA35B3}
		{FFBF6A09-25F2-4A6F-9DF2-E977161773EF} = {71D6D4B1-DD5C-4238-8E85-5BC755F40931}
	EndGlobalSection
	GlobalSection(ExtensibilityGlobals) = postSolution
		SolutionGuid = {FAB58D66-B3F1-408A-A96F-572170771367}
	EndGlobalSection
EndGlobal
